
Microsoft Visual Studio Solution File, Format Version 12.00
# Visual Studio Version 17
VisualStudioVersion = 17.14.36717.8 d17.14
MinimumVisualStudioVersion = 10.0.40219.1
Project("{FAE04EC0-301F-11D3-BF4B-00C04F79EFBC}") = "QuizManagementSystem", "QuizManagementSystem\QuizManagementSystem.csproj", "{4ED9502D-01EB-4449-B41C-1CD658544DE7}"
EndProject
Global
	GlobalSection(SolutionConfigurationPlatforms) = preSolution
		Debug|Any CPU = Debug|Any CPU
		Release|Any CPU = Release|Any CPU
	EndGlobalSection
	GlobalSection(ProjectConfigurationPlatforms) = postSolution
		{4ED9502D-01EB-4449-B41C-1CD658544DE7}.Debug|Any CPU.ActiveCfg = Debug|Any CPU
		{4ED9502D-01EB-4449-B41C-1CD658544DE7}.Debug|Any CPU.Build.0 = Debug|Any CPU
		{4ED9502D-01EB-4449-B41C-1CD658544DE7}.Release|Any CPU.ActiveCfg = Release|Any CPU
		{4ED9502D-01EB-4449-B41C-1CD658544DE7}.Release|Any CPU.Build.0 = Release|Any CPU
	EndGlobalSection
	GlobalSection(SolutionProperties) = preSolution
		HideSolutionNode = FALSE
	EndGlobalSection
	GlobalSection(ExtensibilityGlobals) = postSolution
		SolutionGuid = {76AD22CA-9F23-426B-9E56-62513688A38B}
	EndGlobalSection
EndGlobal
